
Microsoft Visual Studio Solution File, Format Version 12.00
# Visual Studio Version 16
VisualStudioVersion = 16.0.30104.148
MinimumVisualStudioVersion = 10.0.40219.1
Project("{2150E333-8FDC-42A3-9474-1A3956D46DE8}") = "Src", "Src", "{54CC6103-E558-4122-9147-B73F2265997E}"
EndProject
Project("{2150E333-8FDC-42A3-9474-1A3956D46DE8}") = "Test", "Test", "{28015912-782A-4B96-9F86-D54081CD7A97}"
EndProject
Project("{9A19103F-16F7-4668-BE54-9A1E7A4F7556}") = "Hummingbird.Core", "src\Hummingbird.Core\Hummingbird.Core.csproj", "{27915655-9459-4FC4-A6F5-E59EF7574162}"
EndProject
Project("{2150E333-8FDC-42A3-9474-1A3956D46DE8}") = "Extensions", "Extensions", "{DD64E829-CFBE-4FD8-8521-8BB2ADC886CC}"
EndProject
Project("{9A19103F-16F7-4668-BE54-9A1E7A4F7556}") = "Hummingbird.Extensions.UidGenerator", "src\Hummingbird.Extensions.UidGenerator\Hummingbird.Extensions.UidGenerator.csproj", "{3C256830-F006-4C0C-B995-34CBA19A0154}"
EndProject
Project("{9A19103F-16F7-4668-BE54-9A1E7A4F7556}") = "Hummingbird.Extensions.Idempotency", "src\Hummingbird.Extensions.Idempotency\Hummingbird.Extensions.Idempotency.csproj", "{9F35185B-02E5-4720-9406-E2BD007DCCF7}"
EndProject
Project("{9A19103F-16F7-4668-BE54-9A1E7A4F7556}") = "Hummingbird.Extensions.Resilience.Http", "src\Hummingbird.Extensions.Resilience.Http\Hummingbird.Extensions.Resilience.Http.csproj", "{5921999C-C4A9-4AFE-8B88-62043E3B28E0}"
EndProject
Project("{9A19103F-16F7-4668-BE54-9A1E7A4F7556}") = "Hummingbird.Extensions.EventBus", "src\Hummingbird.Extensions.EventBus\Hummingbird.Extensions.EventBus.csproj", "{1B3F54F6-1395-4BE3-A92F-F811E1EC3FEB}"
EndProject
Project("{9A19103F-16F7-4668-BE54-9A1E7A4F7556}") = "Hummingbird.Extensions.EventBus.RabbitMQ", "src\Hummingbird.Extensions.EventBus.RabbitMQ\Hummingbird.Extensions.EventBus.RabbitMQ.csproj", "{18279837-CB5C-4F54-9680-5652AE61274D}"
EndProject
Project("{9A19103F-16F7-4668-BE54-9A1E7A4F7556}") = "Hummingbird.Extensions.Cache", "src\Hummingbird.Extensions.Cache\Hummingbird.Extensions.Cache.csproj", "{DA121499-5DD1-4E2B-9592-554C0B2B4651}"
EndProject
Project("{9A19103F-16F7-4668-BE54-9A1E7A4F7556}") = "Hummingbird.Extensions.EventBus.SqlServerLogging", "src\Hummingbird.Extensions.EventBus.SqlServerLogging\Hummingbird.Extensions.EventBus.SqlServerLogging.csproj", "{911FF03D-9AB3-479F-9744-48F1AC20C28F}"
EndProject
Project("{9A19103F-16F7-4668-BE54-9A1E7A4F7556}") = "Hummingbird.Extensions.DistributedLock", "src\Hummingbird.Extensions.DistributedLock\Hummingbird.Extensions.DistributedLock.csproj", "{7F45F220-2CD5-44A2-B0F8-7C54E23C3E5B}"
EndProject
Project("{9A19103F-16F7-4668-BE54-9A1E7A4F7556}") = "Hummingbird.Extensions.HealthChecks.Redis", "src\Hummingbird.Extensions.HealthChecks.Redis\Hummingbird.Extensions.HealthChecks.Redis.csproj", "{3FB5D998-9922-45C8-9AB7-312F49E558D3}"
EndProject
Project("{9A19103F-16F7-4668-BE54-9A1E7A4F7556}") = "Hummingbird.Extensions.HealthChecks.MongoDb", "src\Hummingbird.Extensions.HealthChecks.MongoDb\Hummingbird.Extensions.HealthChecks.MongoDb.csproj", "{16BA71CA-4284-456B-8861-A98BFA2E2A23}"
EndProject
Project("{2150E333-8FDC-42A3-9474-1A3956D46DE8}") = "example", "example", "{DE0F9CBC-8B94-4D7D-805F-FE652AC26BFD}"
EndProject
Project("{9A19103F-16F7-4668-BE54-9A1E7A4F7556}") = "Hummingbird.Extensions.EventBus.MySqlLogging", "src\Hummingbird.Extensions.EventBus.MySqlLogging\Hummingbird.Extensions.EventBus.MySqlLogging.csproj", "{3D3F5653-D615-4BAE-975F-AE85353A93DD}"
EndProject
Project("{FAE04EC0-301F-11D3-BF4B-00C04F79EFBC}") = "Hummingbird.Extensions.Cacheing", "src\Hummingbird.Extensions.Cacheing\Hummingbird.Extensions.Cacheing.csproj", "{91E88120-CB43-4E54-A3A9-F98C6A89F61A}"
EndProject
Project("{9A19103F-16F7-4668-BE54-9A1E7A4F7556}") = "Hummingbird.Extensions.Configuration.Json", "src\Hummingbird.Extensions.Configuration.Json\Hummingbird.Extensions.Configuration.Json.csproj", "{3D87352D-910D-48B6-9F46-220A7D8758DE}"
EndProject
Project("{9A19103F-16F7-4668-BE54-9A1E7A4F7556}") = "Hummingbird.Extensions.HealthChecks", "src\Hummingbird.Extensions.HealthChecks\Hummingbird.Extensions.HealthChecks.csproj", "{C2DA4C6E-AF70-4CFC-A62D-CD6442CCFE61}"
EndProject
Project("{9A19103F-16F7-4668-BE54-9A1E7A4F7556}") = "Hummingbird.AspNet.HealthChecks", "src\Hummingbird.AspNet.HealthChecks\Hummingbird.AspNet.HealthChecks.csproj", "{A5B6C1C2-9B5E-44D4-910E-755C8E4E31E3}"
EndProject
Project("{9A19103F-16F7-4668-BE54-9A1E7A4F7556}") = "Hummingbird.AspNetCore.HealthChecks", "src\Hummingbird.AspNetCore.HealthChecks\Hummingbird.AspNetCore.HealthChecks.csproj", "{D7F05A8A-2741-44E8-A668-BFB2FD453622}"
EndProject
Project("{9A19103F-16F7-4668-BE54-9A1E7A4F7556}") = "Hummingbird.Extensions.HealthChecks.SqlServer", "src\Hummingbird.Extensions.HealthChecks.SqlServer\Hummingbird.Extensions.HealthChecks.SqlServer.csproj", "{341EF145-2244-40F9-A8AA-15CC989310D1}"
EndProject
Project("{9A19103F-16F7-4668-BE54-9A1E7A4F7556}") = "Hummingbird.Extensions.HealthChecks.MySql", "src\Hummingbird.Extensions.HealthChecks.MySql\Hummingbird.Extensions.HealthChecks.MySql.csproj", "{FE3614A4-2D3B-40BE-A883-C78A2AED1D9C}"
EndProject
Project("{9A19103F-16F7-4668-BE54-9A1E7A4F7556}") = "Hummingbird.Extensions.HealthChecks.Rabbitmq", "src\Hummingbird.Extensions.HealthChecks.Rabbitmq\Hummingbird.Extensions.HealthChecks.Rabbitmq.csproj", "{4F6F41F8-F276-4D43-8288-F1D3E31B067C}"
EndProject
Project("{9A19103F-16F7-4668-BE54-9A1E7A4F7556}") = "Hummingbird.Extensions.OpenTracing", "src\Hummingbird.Extensions.OpenTracing\Hummingbird.Extensions.OpenTracing.csproj", "{E9B8F632-6362-4714-862F-011CCD951FBD}"
EndProject
Project("{FAE04EC0-301F-11D3-BF4B-00C04F79EFBC}") = "Hummingbird.LoadBalancers", "src\Hummingbird.LoadBalancers\Hummingbird.LoadBalancers.csproj", "{72C564F8-D678-47F3-A9CE-A6AEF327D7F3}"
EndProject
Project("{9A19103F-16F7-4668-BE54-9A1E7A4F7556}") = "Hummingbird.Extensions.DynamicRoute.Consul", "src\Hummingbird.Extensions.DynamicRoute.Consul\Hummingbird.Extensions.DynamicRoute.Consul.csproj", "{56C47698-75B0-425C-82A5-986AB4AA9F27}"
EndProject
Project("{9A19103F-16F7-4668-BE54-9A1E7A4F7556}") = "Hummingbird.DynamicRoute", "src\Hummingbird.DynamicRoute\Hummingbird.DynamicRoute.csproj", "{CB00B864-5606-4CFB-9458-A66A62789B09}"
EndProject
Project("{9A19103F-16F7-4668-BE54-9A1E7A4F7556}") = "Hummingbird.Extensions.EventBus.Kafka", "src\Hummingbird.Extensions.EventBus.Kafka\Hummingbird.Extensions.EventBus.Kafka.csproj", "{181E2F94-FABE-4FA9-91BD-6EBF9519C056}"
EndProject
Project("{9A19103F-16F7-4668-BE54-9A1E7A4F7556}") = "Hummingbird.Extensions.UidGenerator.ConsulWorkIdStrategy", "src\Hummingbird.Extensions.UidGenerator.ConsulWorkIdStrategy\Hummingbird.Extensions.UidGenerator.ConsulWorkIdStrategy.csproj", "{F7EA3E32-4389-4AFA-89A9-56A25A60F530}"
EndProject
Project("{9A19103F-16F7-4668-BE54-9A1E7A4F7556}") = "Hummingbird.Extensions.DistributedLock.Redis", "src\Hummingbird.Extensions.DistributedLock.Redis\Hummingbird.Extensions.DistributedLock.Redis.csproj", "{B56F893C-3E54-4FC9-B6A2-96BE2647E0CD}"
EndProject
Project("{9A19103F-16F7-4668-BE54-9A1E7A4F7556}") = "Hummingbird.Extensions.DynamicRoute.Consul.UnitTest", "test\Hummingbird.Extensions.DynamicRoute.Consul.UnitTest\Hummingbird.Extensions.DynamicRoute.Consul.UnitTest.csproj", "{327B1F7D-1DCF-42C5-92BA-C36A8BCCDDB8}"
EndProject
Project("{9A19103F-16F7-4668-BE54-9A1E7A4F7556}") = "Hummingbird.AspNetCore.Metrics", "src\Hummingbird.AspNetCore.Metrics\Hummingbird.AspNetCore.Metrics.csproj", "{CB3D9096-9226-47F1-9FB3-C91A46D413F4}"
EndProject
Project("{9A19103F-16F7-4668-BE54-9A1E7A4F7556}") = "Hummingbird.Extensions.Canal", "src\Hummingbird.Extensions.Canal\Hummingbird.Extensions.Canal.csproj", "{B0C6CA9E-FF33-4E8D-B1A9-262FEA22543B}"
EndProject
Project("{9A19103F-16F7-4668-BE54-9A1E7A4F7556}") = "Hummingbird.Extensions.HealthChecks.Kafka", "src\Hummingbird.Extensions.HealthChecks.Kafka\Hummingbird.Extensions.HealthChecks.Kafka.csproj", "{02C16BEC-CBCF-4B07-BA2B-CAFBC53A9ACB}"
EndProject
Project("{FAE04EC0-301F-11D3-BF4B-00C04F79EFBC}") = "Hummingbird.Extensions.Quartz", "src\Hummingbird.Extensions.Quartz\Hummingbird.Extensions.Quartz.csproj", "{80621194-B8F8-4156-BF0E-1233A4230F0A}"
EndProject
Project("{FAE04EC0-301F-11D3-BF4B-00C04F79EFBC}") = "Hummingbird.Extensions.Cacheing.UnitTest", "test\Hummingbird.Extensions.Cacheing.UnitTest\Hummingbird.Extensions.Cacheing.UnitTest.csproj", "{B5C2B30B-428A-4FC8-84A2-D9A89B601028}"
EndProject
Project("{FAE04EC0-301F-11D3-BF4B-00C04F79EFBC}") = "Hummingbird.Example", "example\Hummingbird.Example\Hummingbird.Example.csproj", "{59F71543-49F5-40C6-8397-868CACCF0D72}"
EndProject
Project("{FAE04EC0-301F-11D3-BF4B-00C04F79EFBC}") = "Hummingbird.Extensions.OpenTracing.Jaeger", "src\Hummingbird.Extensions.OpenTracing.Jaeger\Hummingbird.Extensions.OpenTracing.Jaeger.csproj", "{668AFF44-2C1B-49FC-85FA-8DA18C924277}"
EndProject
Project("{FAE04EC0-301F-11D3-BF4B-00C04F79EFBC}") = "Hummingbird.Extensions.DynamicRoute.Nacos", "src\Hummingbird.Extensions.DynamicRoute.Nacos\Hummingbird.Extensions.DynamicRoute.Nacos.csproj", "{CD4A1D35-F78A-4E0C-81FF-6C9EDC508646}"
EndProject
Project("{FAE04EC0-301F-11D3-BF4B-00C04F79EFBC}") = "Hummingbird.Extensions.Configuration.Nacos", "src\Hummingbird.Extensions.Configuration.Nacos\Hummingbird.Extensions.Configuration.Nacos.csproj", "{5862C3E1-CF6F-4E89-8270-9F8FD008FA88}"
EndProject
Global
	GlobalSection(SolutionConfigurationPlatforms) = preSolution
		Debug|Any CPU = Debug|Any CPU
		Release|Any CPU = Release|Any CPU
	EndGlobalSection
	GlobalSection(ProjectConfigurationPlatforms) = postSolution
		{27915655-9459-4FC4-A6F5-E59EF7574162}.Debug|Any CPU.ActiveCfg = Debug|Any CPU
		{27915655-9459-4FC4-A6F5-E59EF7574162}.Debug|Any CPU.Build.0 = Debug|Any CPU
		{27915655-9459-4FC4-A6F5-E59EF7574162}.Release|Any CPU.ActiveCfg = Release|Any CPU
		{27915655-9459-4FC4-A6F5-E59EF7574162}.Release|Any CPU.Build.0 = Release|Any CPU
		{3C256830-F006-4C0C-B995-34CBA19A0154}.Debug|Any CPU.ActiveCfg = Debug|Any CPU
		{3C256830-F006-4C0C-B995-34CBA19A0154}.Debug|Any CPU.Build.0 = Debug|Any CPU
		{3C256830-F006-4C0C-B995-34CBA19A0154}.Release|Any CPU.ActiveCfg = Release|Any CPU
		{3C256830-F006-4C0C-B995-34CBA19A0154}.Release|Any CPU.Build.0 = Release|Any CPU
		{9F35185B-02E5-4720-9406-E2BD007DCCF7}.Debug|Any CPU.ActiveCfg = Debug|Any CPU
		{9F35185B-02E5-4720-9406-E2BD007DCCF7}.Debug|Any CPU.Build.0 = Debug|Any CPU
		{9F35185B-02E5-4720-9406-E2BD007DCCF7}.Release|Any CPU.ActiveCfg = Release|Any CPU
		{9F35185B-02E5-4720-9406-E2BD007DCCF7}.Release|Any CPU.Build.0 = Release|Any CPU
		{5921999C-C4A9-4AFE-8B88-62043E3B28E0}.Debug|Any CPU.ActiveCfg = Debug|Any CPU
		{5921999C-C4A9-4AFE-8B88-62043E3B28E0}.Debug|Any CPU.Build.0 = Debug|Any CPU
		{5921999C-C4A9-4AFE-8B88-62043E3B28E0}.Release|Any CPU.ActiveCfg = Release|Any CPU
		{5921999C-C4A9-4AFE-8B88-62043E3B28E0}.Release|Any CPU.Build.0 = Release|Any CPU
		{1B3F54F6-1395-4BE3-A92F-F811E1EC3FEB}.Debug|Any CPU.ActiveCfg = Debug|Any CPU
		{1B3F54F6-1395-4BE3-A92F-F811E1EC3FEB}.Debug|Any CPU.Build.0 = Debug|Any CPU
		{1B3F54F6-1395-4BE3-A92F-F811E1EC3FEB}.Release|Any CPU.ActiveCfg = Release|Any CPU
		{1B3F54F6-1395-4BE3-A92F-F811E1EC3FEB}.Release|Any CPU.Build.0 = Release|Any CPU
		{18279837-CB5C-4F54-9680-5652AE61274D}.Debug|Any CPU.ActiveCfg = Debug|Any CPU
		{18279837-CB5C-4F54-9680-5652AE61274D}.Debug|Any CPU.Build.0 = Debug|Any CPU
		{18279837-CB5C-4F54-9680-5652AE61274D}.Release|Any CPU.ActiveCfg = Release|Any CPU
		{18279837-CB5C-4F54-9680-5652AE61274D}.Release|Any CPU.Build.0 = Release|Any CPU
		{DA121499-5DD1-4E2B-9592-554C0B2B4651}.Debug|Any CPU.ActiveCfg = Debug|Any CPU
		{DA121499-5DD1-4E2B-9592-554C0B2B4651}.Debug|Any CPU.Build.0 = Debug|Any CPU
		{DA121499-5DD1-4E2B-9592-554C0B2B4651}.Release|Any CPU.ActiveCfg = Release|Any CPU
		{DA121499-5DD1-4E2B-9592-554C0B2B4651}.Release|Any CPU.Build.0 = Release|Any CPU
		{911FF03D-9AB3-479F-9744-48F1AC20C28F}.Debug|Any CPU.ActiveCfg = Debug|Any CPU
		{911FF03D-9AB3-479F-9744-48F1AC20C28F}.Debug|Any CPU.Build.0 = Debug|Any CPU
		{911FF03D-9AB3-479F-9744-48F1AC20C28F}.Release|Any CPU.ActiveCfg = Release|Any CPU
		{911FF03D-9AB3-479F-9744-48F1AC20C28F}.Release|Any CPU.Build.0 = Release|Any CPU
		{7F45F220-2CD5-44A2-B0F8-7C54E23C3E5B}.Debug|Any CPU.ActiveCfg = Debug|Any CPU
		{7F45F220-2CD5-44A2-B0F8-7C54E23C3E5B}.Debug|Any CPU.Build.0 = Debug|Any CPU
		{7F45F220-2CD5-44A2-B0F8-7C54E23C3E5B}.Release|Any CPU.ActiveCfg = Release|Any CPU
		{7F45F220-2CD5-44A2-B0F8-7C54E23C3E5B}.Release|Any CPU.Build.0 = Release|Any CPU
		{3FB5D998-9922-45C8-9AB7-312F49E558D3}.Debug|Any CPU.ActiveCfg = Debug|Any CPU
		{3FB5D998-9922-45C8-9AB7-312F49E558D3}.Debug|Any CPU.Build.0 = Debug|Any CPU
		{3FB5D998-9922-45C8-9AB7-312F49E558D3}.Release|Any CPU.ActiveCfg = Release|Any CPU
		{3FB5D998-9922-45C8-9AB7-312F49E558D3}.Release|Any CPU.Build.0 = Release|Any CPU
		{16BA71CA-4284-456B-8861-A98BFA2E2A23}.Debug|Any CPU.ActiveCfg = Debug|Any CPU
		{16BA71CA-4284-456B-8861-A98BFA2E2A23}.Debug|Any CPU.Build.0 = Debug|Any CPU
		{16BA71CA-4284-456B-8861-A98BFA2E2A23}.Release|Any CPU.ActiveCfg = Release|Any CPU
		{16BA71CA-4284-456B-8861-A98BFA2E2A23}.Release|Any CPU.Build.0 = Release|Any CPU
		{3D3F5653-D615-4BAE-975F-AE85353A93DD}.Debug|Any CPU.ActiveCfg = Debug|Any CPU
		{3D3F5653-D615-4BAE-975F-AE85353A93DD}.Debug|Any CPU.Build.0 = Debug|Any CPU
		{3D3F5653-D615-4BAE-975F-AE85353A93DD}.Release|Any CPU.ActiveCfg = Release|Any CPU
		{3D3F5653-D615-4BAE-975F-AE85353A93DD}.Release|Any CPU.Build.0 = Release|Any CPU
		{91E88120-CB43-4E54-A3A9-F98C6A89F61A}.Debug|Any CPU.ActiveCfg = Debug|Any CPU
		{91E88120-CB43-4E54-A3A9-F98C6A89F61A}.Debug|Any CPU.Build.0 = Debug|Any CPU
		{91E88120-CB43-4E54-A3A9-F98C6A89F61A}.Release|Any CPU.ActiveCfg = Release|Any CPU
		{91E88120-CB43-4E54-A3A9-F98C6A89F61A}.Release|Any CPU.Build.0 = Release|Any CPU
		{3D87352D-910D-48B6-9F46-220A7D8758DE}.Debug|Any CPU.ActiveCfg = Debug|Any CPU
		{3D87352D-910D-48B6-9F46-220A7D8758DE}.Debug|Any CPU.Build.0 = Debug|Any CPU
		{3D87352D-910D-48B6-9F46-220A7D8758DE}.Release|Any CPU.ActiveCfg = Release|Any CPU
		{3D87352D-910D-48B6-9F46-220A7D8758DE}.Release|Any CPU.Build.0 = Release|Any CPU
		{C2DA4C6E-AF70-4CFC-A62D-CD6442CCFE61}.Debug|Any CPU.ActiveCfg = Debug|Any CPU
		{C2DA4C6E-AF70-4CFC-A62D-CD6442CCFE61}.Debug|Any CPU.Build.0 = Debug|Any CPU
		{C2DA4C6E-AF70-4CFC-A62D-CD6442CCFE61}.Release|Any CPU.ActiveCfg = Release|Any CPU
		{C2DA4C6E-AF70-4CFC-A62D-CD6442CCFE61}.Release|Any CPU.Build.0 = Release|Any CPU
		{A5B6C1C2-9B5E-44D4-910E-755C8E4E31E3}.Debug|Any CPU.ActiveCfg = Debug|Any CPU
		{A5B6C1C2-9B5E-44D4-910E-755C8E4E31E3}.Debug|Any CPU.Build.0 = Debug|Any CPU
		{A5B6C1C2-9B5E-44D4-910E-755C8E4E31E3}.Release|Any CPU.ActiveCfg = Release|Any CPU
		{A5B6C1C2-9B5E-44D4-910E-755C8E4E31E3}.Release|Any CPU.Build.0 = Release|Any CPU
		{D7F05A8A-2741-44E8-A668-BFB2FD453622}.Debug|Any CPU.ActiveCfg = Debug|Any CPU
		{D7F05A8A-2741-44E8-A668-BFB2FD453622}.Debug|Any CPU.Build.0 = Debug|Any CPU
		{D7F05A8A-2741-44E8-A668-BFB2FD453622}.Release|Any CPU.ActiveCfg = Release|Any CPU
		{D7F05A8A-2741-44E8-A668-BFB2FD453622}.Release|Any CPU.Build.0 = Release|Any CPU
		{341EF145-2244-40F9-A8AA-15CC989310D1}.Debug|Any CPU.ActiveCfg = Debug|Any CPU
		{341EF145-2244-40F9-A8AA-15CC989310D1}.Debug|Any CPU.Build.0 = Debug|Any CPU
		{341EF145-2244-40F9-A8AA-15CC989310D1}.Release|Any CPU.ActiveCfg = Release|Any CPU
		{341EF145-2244-40F9-A8AA-15CC989310D1}.Release|Any CPU.Build.0 = Release|Any CPU
		{FE3614A4-2D3B-40BE-A883-C78A2AED1D9C}.Debug|Any CPU.ActiveCfg = Debug|Any CPU
		{FE3614A4-2D3B-40BE-A883-C78A2AED1D9C}.Debug|Any CPU.Build.0 = Debug|Any CPU
		{FE3614A4-2D3B-40BE-A883-C78A2AED1D9C}.Release|Any CPU.ActiveCfg = Release|Any CPU
		{FE3614A4-2D3B-40BE-A883-C78A2AED1D9C}.Release|Any CPU.Build.0 = Release|Any CPU
		{4F6F41F8-F276-4D43-8288-F1D3E31B067C}.Debug|Any CPU.ActiveCfg = Debug|Any CPU
		{4F6F41F8-F276-4D43-8288-F1D3E31B067C}.Debug|Any CPU.Build.0 = Debug|Any CPU
		{4F6F41F8-F276-4D43-8288-F1D3E31B067C}.Release|Any CPU.ActiveCfg = Release|Any CPU
		{4F6F41F8-F276-4D43-8288-F1D3E31B067C}.Release|Any CPU.Build.0 = Release|Any CPU
		{E9B8F632-6362-4714-862F-011CCD951FBD}.Debug|Any CPU.ActiveCfg = Debug|Any CPU
		{E9B8F632-6362-4714-862F-011CCD951FBD}.Debug|Any CPU.Build.0 = Debug|Any CPU
		{E9B8F632-6362-4714-862F-011CCD951FBD}.Release|Any CPU.ActiveCfg = Release|Any CPU
		{E9B8F632-6362-4714-862F-011CCD951FBD}.Release|Any CPU.Build.0 = Release|Any CPU
		{72C564F8-D678-47F3-A9CE-A6AEF327D7F3}.Debug|Any CPU.ActiveCfg = Debug|Any CPU
		{72C564F8-D678-47F3-A9CE-A6AEF327D7F3}.Debug|Any CPU.Build.0 = Debug|Any CPU
		{72C564F8-D678-47F3-A9CE-A6AEF327D7F3}.Release|Any CPU.ActiveCfg = Release|Any CPU
		{72C564F8-D678-47F3-A9CE-A6AEF327D7F3}.Release|Any CPU.Build.0 = Release|Any CPU
		{56C47698-75B0-425C-82A5-986AB4AA9F27}.Debug|Any CPU.ActiveCfg = Debug|Any CPU
		{56C47698-75B0-425C-82A5-986AB4AA9F27}.Debug|Any CPU.Build.0 = Debug|Any CPU
		{56C47698-75B0-425C-82A5-986AB4AA9F27}.Release|Any CPU.ActiveCfg = Release|Any CPU
		{56C47698-75B0-425C-82A5-986AB4AA9F27}.Release|Any CPU.Build.0 = Release|Any CPU
		{CB00B864-5606-4CFB-9458-A66A62789B09}.Debug|Any CPU.ActiveCfg = Debug|Any CPU
		{CB00B864-5606-4CFB-9458-A66A62789B09}.Debug|Any CPU.Build.0 = Debug|Any CPU
		{CB00B864-5606-4CFB-9458-A66A62789B09}.Release|Any CPU.ActiveCfg = Release|Any CPU
		{CB00B864-5606-4CFB-9458-A66A62789B09}.Release|Any CPU.Build.0 = Release|Any CPU
		{181E2F94-FABE-4FA9-91BD-6EBF9519C056}.Debug|Any CPU.ActiveCfg = Debug|Any CPU
		{181E2F94-FABE-4FA9-91BD-6EBF9519C056}.Debug|Any CPU.Build.0 = Debug|Any CPU
		{181E2F94-FABE-4FA9-91BD-6EBF9519C056}.Release|Any CPU.ActiveCfg = Release|Any CPU
		{181E2F94-FABE-4FA9-91BD-6EBF9519C056}.Release|Any CPU.Build.0 = Release|Any CPU
		{F7EA3E32-4389-4AFA-89A9-56A25A60F530}.Debug|Any CPU.ActiveCfg = Debug|Any CPU
		{F7EA3E32-4389-4AFA-89A9-56A25A60F530}.Debug|Any CPU.Build.0 = Debug|Any CPU
		{F7EA3E32-4389-4AFA-89A9-56A25A60F530}.Release|Any CPU.ActiveCfg = Release|Any CPU
		{F7EA3E32-4389-4AFA-89A9-56A25A60F530}.Release|Any CPU.Build.0 = Release|Any CPU
		{B56F893C-3E54-4FC9-B6A2-96BE2647E0CD}.Debug|Any CPU.ActiveCfg = Debug|Any CPU
		{B56F893C-3E54-4FC9-B6A2-96BE2647E0CD}.Debug|Any CPU.Build.0 = Debug|Any CPU
		{B56F893C-3E54-4FC9-B6A2-96BE2647E0CD}.Release|Any CPU.ActiveCfg = Release|Any CPU
		{B56F893C-3E54-4FC9-B6A2-96BE2647E0CD}.Release|Any CPU.Build.0 = Release|Any CPU
		{327B1F7D-1DCF-42C5-92BA-C36A8BCCDDB8}.Debug|Any CPU.ActiveCfg = Debug|Any CPU
		{327B1F7D-1DCF-42C5-92BA-C36A8BCCDDB8}.Debug|Any CPU.Build.0 = Debug|Any CPU
		{327B1F7D-1DCF-42C5-92BA-C36A8BCCDDB8}.Release|Any CPU.ActiveCfg = Release|Any CPU
		{327B1F7D-1DCF-42C5-92BA-C36A8BCCDDB8}.Release|Any CPU.Build.0 = Release|Any CPU
		{CB3D9096-9226-47F1-9FB3-C91A46D413F4}.Debug|Any CPU.ActiveCfg = Debug|Any CPU
		{CB3D9096-9226-47F1-9FB3-C91A46D413F4}.Debug|Any CPU.Build.0 = Debug|Any CPU
		{CB3D9096-9226-47F1-9FB3-C91A46D413F4}.Release|Any CPU.ActiveCfg = Release|Any CPU
		{CB3D9096-9226-47F1-9FB3-C91A46D413F4}.Release|Any CPU.Build.0 = Release|Any CPU
		{B0C6CA9E-FF33-4E8D-B1A9-262FEA22543B}.Debug|Any CPU.ActiveCfg = Debug|Any CPU
		{B0C6CA9E-FF33-4E8D-B1A9-262FEA22543B}.Debug|Any CPU.Build.0 = Debug|Any CPU
		{B0C6CA9E-FF33-4E8D-B1A9-262FEA22543B}.Release|Any CPU.ActiveCfg = Release|Any CPU
		{B0C6CA9E-FF33-4E8D-B1A9-262FEA22543B}.Release|Any CPU.Build.0 = Release|Any CPU
		{02C16BEC-CBCF-4B07-BA2B-CAFBC53A9ACB}.Debug|Any CPU.ActiveCfg = Debug|Any CPU
		{02C16BEC-CBCF-4B07-BA2B-CAFBC53A9ACB}.Debug|Any CPU.Build.0 = Debug|Any CPU
		{02C16BEC-CBCF-4B07-BA2B-CAFBC53A9ACB}.Release|Any CPU.ActiveCfg = Release|Any CPU
		{02C16BEC-CBCF-4B07-BA2B-CAFBC53A9ACB}.Release|Any CPU.Build.0 = Release|Any CPU
		{80621194-B8F8-4156-BF0E-1233A4230F0A}.Debug|Any CPU.ActiveCfg = Debug|Any CPU
		{80621194-B8F8-4156-BF0E-1233A4230F0A}.Debug|Any CPU.Build.0 = Debug|Any CPU
		{80621194-B8F8-4156-BF0E-1233A4230F0A}.Release|Any CPU.ActiveCfg = Release|Any CPU
		{80621194-B8F8-4156-BF0E-1233A4230F0A}.Release|Any CPU.Build.0 = Release|Any CPU
		{B5C2B30B-428A-4FC8-84A2-D9A89B601028}.Debug|Any CPU.ActiveCfg = Debug|Any CPU
		{B5C2B30B-428A-4FC8-84A2-D9A89B601028}.Debug|Any CPU.Build.0 = Debug|Any CPU
		{B5C2B30B-428A-4FC8-84A2-D9A89B601028}.Release|Any CPU.ActiveCfg = Release|Any CPU
		{B5C2B30B-428A-4FC8-84A2-D9A89B601028}.Release|Any CPU.Build.0 = Release|Any CPU
		{59F71543-49F5-40C6-8397-868CACCF0D72}.Debug|Any CPU.ActiveCfg = Debug|Any CPU
		{59F71543-49F5-40C6-8397-868CACCF0D72}.Debug|Any CPU.Build.0 = Debug|Any CPU
		{59F71543-49F5-40C6-8397-868CACCF0D72}.Release|Any CPU.ActiveCfg = Release|Any CPU
		{59F71543-49F5-40C6-8397-868CACCF0D72}.Release|Any CPU.Build.0 = Release|Any CPU
		{668AFF44-2C1B-49FC-85FA-8DA18C924277}.Debug|Any CPU.ActiveCfg = Debug|Any CPU
		{668AFF44-2C1B-49FC-85FA-8DA18C924277}.Debug|Any CPU.Build.0 = Debug|Any CPU
		{668AFF44-2C1B-49FC-85FA-8DA18C924277}.Release|Any CPU.ActiveCfg = Release|Any CPU
		{668AFF44-2C1B-49FC-85FA-8DA18C924277}.Release|Any CPU.Build.0 = Release|Any CPU
		{CD4A1D35-F78A-4E0C-81FF-6C9EDC508646}.Debug|Any CPU.ActiveCfg = Debug|Any CPU
		{CD4A1D35-F78A-4E0C-81FF-6C9EDC508646}.Debug|Any CPU.Build.0 = Debug|Any CPU
		{CD4A1D35-F78A-4E0C-81FF-6C9EDC508646}.Release|Any CPU.ActiveCfg = Release|Any CPU
		{CD4A1D35-F78A-4E0C-81FF-6C9EDC508646}.Release|Any CPU.Build.0 = Release|Any CPU
		{5862C3E1-CF6F-4E89-8270-9F8FD008FA88}.Debug|Any CPU.ActiveCfg = Debug|Any CPU
		{5862C3E1-CF6F-4E89-8270-9F8FD008FA88}.Debug|Any CPU.Build.0 = Debug|Any CPU
		{5862C3E1-CF6F-4E89-8270-9F8FD008FA88}.Release|Any CPU.ActiveCfg = Release|Any CPU
		{5862C3E1-CF6F-4E89-8270-9F8FD008FA88}.Release|Any CPU.Build.0 = Release|Any CPU
	EndGlobalSection
	GlobalSection(SolutionProperties) = preSolution
		HideSolutionNode = FALSE
	EndGlobalSection
	GlobalSection(NestedProjects) = preSolution
		{27915655-9459-4FC4-A6F5-E59EF7574162} = {54CC6103-E558-4122-9147-B73F2265997E}
		{DD64E829-CFBE-4FD8-8521-8BB2ADC886CC} = {54CC6103-E558-4122-9147-B73F2265997E}
		{3C256830-F006-4C0C-B995-34CBA19A0154} = {DD64E829-CFBE-4FD8-8521-8BB2ADC886CC}
		{9F35185B-02E5-4720-9406-E2BD007DCCF7} = {DD64E829-CFBE-4FD8-8521-8BB2ADC886CC}
		{5921999C-C4A9-4AFE-8B88-62043E3B28E0} = {DD64E829-CFBE-4FD8-8521-8BB2ADC886CC}
		{1B3F54F6-1395-4BE3-A92F-F811E1EC3FEB} = {DD64E829-CFBE-4FD8-8521-8BB2ADC886CC}
		{18279837-CB5C-4F54-9680-5652AE61274D} = {DD64E829-CFBE-4FD8-8521-8BB2ADC886CC}
		{DA121499-5DD1-4E2B-9592-554C0B2B4651} = {DD64E829-CFBE-4FD8-8521-8BB2ADC886CC}
		{911FF03D-9AB3-479F-9744-48F1AC20C28F} = {DD64E829-CFBE-4FD8-8521-8BB2ADC886CC}
		{7F45F220-2CD5-44A2-B0F8-7C54E23C3E5B} = {DD64E829-CFBE-4FD8-8521-8BB2ADC886CC}
		{3FB5D998-9922-45C8-9AB7-312F49E558D3} = {DD64E829-CFBE-4FD8-8521-8BB2ADC886CC}
		{16BA71CA-4284-456B-8861-A98BFA2E2A23} = {DD64E829-CFBE-4FD8-8521-8BB2ADC886CC}
		{3D3F5653-D615-4BAE-975F-AE85353A93DD} = {DD64E829-CFBE-4FD8-8521-8BB2ADC886CC}
		{91E88120-CB43-4E54-A3A9-F98C6A89F61A} = {DD64E829-CFBE-4FD8-8521-8BB2ADC886CC}
		{3D87352D-910D-48B6-9F46-220A7D8758DE} = {DD64E829-CFBE-4FD8-8521-8BB2ADC886CC}
		{C2DA4C6E-AF70-4CFC-A62D-CD6442CCFE61} = {DD64E829-CFBE-4FD8-8521-8BB2ADC886CC}
		{A5B6C1C2-9B5E-44D4-910E-755C8E4E31E3} = {54CC6103-E558-4122-9147-B73F2265997E}
		{D7F05A8A-2741-44E8-A668-BFB2FD453622} = {54CC6103-E558-4122-9147-B73F2265997E}
		{341EF145-2244-40F9-A8AA-15CC989310D1} = {DD64E829-CFBE-4FD8-8521-8BB2ADC886CC}
		{FE3614A4-2D3B-40BE-A883-C78A2AED1D9C} = {DD64E829-CFBE-4FD8-8521-8BB2ADC886CC}
		{4F6F41F8-F276-4D43-8288-F1D3E31B067C} = {DD64E829-CFBE-4FD8-8521-8BB2ADC886CC}
		{E9B8F632-6362-4714-862F-011CCD951FBD} = {DD64E829-CFBE-4FD8-8521-8BB2ADC886CC}
		{72C564F8-D678-47F3-A9CE-A6AEF327D7F3} = {54CC6103-E558-4122-9147-B73F2265997E}
		{56C47698-75B0-425C-82A5-986AB4AA9F27} = {DD64E829-CFBE-4FD8-8521-8BB2ADC886CC}
		{CB00B864-5606-4CFB-9458-A66A62789B09} = {54CC6103-E558-4122-9147-B73F2265997E}
		{181E2F94-FABE-4FA9-91BD-6EBF9519C056} = {DD64E829-CFBE-4FD8-8521-8BB2ADC886CC}
		{F7EA3E32-4389-4AFA-89A9-56A25A60F530} = {DD64E829-CFBE-4FD8-8521-8BB2ADC886CC}
		{B56F893C-3E54-4FC9-B6A2-96BE2647E0CD} = {DD64E829-CFBE-4FD8-8521-8BB2ADC886CC}
		{327B1F7D-1DCF-42C5-92BA-C36A8BCCDDB8} = {28015912-782A-4B96-9F86-D54081CD7A97}
		{CB3D9096-9226-47F1-9FB3-C91A46D413F4} = {54CC6103-E558-4122-9147-B73F2265997E}
		{B0C6CA9E-FF33-4E8D-B1A9-262FEA22543B} = {DD64E829-CFBE-4FD8-8521-8BB2ADC886CC}
		{02C16BEC-CBCF-4B07-BA2B-CAFBC53A9ACB} = {DD64E829-CFBE-4FD8-8521-8BB2ADC886CC}
		{80621194-B8F8-4156-BF0E-1233A4230F0A} = {DD64E829-CFBE-4FD8-8521-8BB2ADC886CC}
		{B5C2B30B-428A-4FC8-84A2-D9A89B601028} = {28015912-782A-4B96-9F86-D54081CD7A97}
		{59F71543-49F5-40C6-8397-868CACCF0D72} = {DE0F9CBC-8B94-4D7D-805F-FE652AC26BFD}
		{668AFF44-2C1B-49FC-85FA-8DA18C924277} = {DD64E829-CFBE-4FD8-8521-8BB2ADC886CC}
		{CD4A1D35-F78A-4E0C-81FF-6C9EDC508646} = {DD64E829-CFBE-4FD8-8521-8BB2ADC886CC}
		{5862C3E1-CF6F-4E89-8270-9F8FD008FA88} = {DD64E829-CFBE-4FD8-8521-8BB2ADC886CC}
	EndGlobalSection
	GlobalSection(ExtensibilityGlobals) = postSolution
		SolutionGuid = {0205F412-9847-429E-BA6C-6DCF25E525DF}
	EndGlobalSection
EndGlobal
