
Microsoft Visual Studio Solution File, Format Version 12.00
# Visual Studio 15
VisualStudioVersion = 15.0.27130.2010
MinimumVisualStudioVersion = 10.0.40219.1
Project("{2150E333-8FDC-42A3-9474-1A3956D46DE8}") = "Src", "Src", "{54CC6103-E558-4122-9147-B73F2265997E}"
EndProject
Project("{2150E333-8FDC-42A3-9474-1A3956D46DE8}") = "Test", "Test", "{28015912-782A-4B96-9F86-D54081CD7A97}"
EndProject
Project("{9A19103F-16F7-4668-BE54-9A1E7A4F7556}") = "Hummingbird.Core", "Hummingbird.Core\Hummingbird.Core.csproj", "{27915655-9459-4FC4-A6F5-E59EF7574162}"
EndProject
Project("{2150E333-8FDC-42A3-9474-1A3956D46DE8}") = "Extersions", "Extersions", "{DD64E829-CFBE-4FD8-8521-8BB2ADC886CC}"
EndProject
Project("{9A19103F-16F7-4668-BE54-9A1E7A4F7556}") = "Hummingbird.Extersions.ServiceRegistry", "Hummingbird.Extersions.ServiceRegistry\Hummingbird.Extersions.ServiceRegistry.csproj", "{C9862F54-4EC1-4D69-9775-A3DFB61862A9}"
EndProject
Project("{9A19103F-16F7-4668-BE54-9A1E7A4F7556}") = "Hummingbird.Extersions.UidGenerator", "Hummingbird.Extersions.UidGenerator\Hummingbird.Extersions.UidGenerator.csproj", "{3C256830-F006-4C0C-B995-34CBA19A0154}"
EndProject
Project("{9A19103F-16F7-4668-BE54-9A1E7A4F7556}") = "Hummingbird.Extersions.Idempotency", "Hummingbird.Extersions.Idempotency\Hummingbird.Extersions.Idempotency.csproj", "{9F35185B-02E5-4720-9406-E2BD007DCCF7}"
EndProject
Project("{9A19103F-16F7-4668-BE54-9A1E7A4F7556}") = "Hummingbird.Extersions.Resilience.Http", "Hummingbird.Extersions.Resilience.Http\Hummingbird.Extersions.Resilience.Http.csproj", "{5921999C-C4A9-4AFE-8B88-62043E3B28E0}"
EndProject
Project("{9A19103F-16F7-4668-BE54-9A1E7A4F7556}") = "Hummingbird.Extersions.EventBus", "Hummingbird.Extersions.EventBus\Hummingbird.Extersions.EventBus.csproj", "{1B3F54F6-1395-4BE3-A92F-F811E1EC3FEB}"
EndProject
Project("{9A19103F-16F7-4668-BE54-9A1E7A4F7556}") = "Hummingbird.Extersions.EventBus.RabbitMQ", "Hummingbird.Extersions.EventBus.RabbitMQ\Hummingbird.Extersions.EventBus.RabbitMQ.csproj", "{18279837-CB5C-4F54-9680-5652AE61274D}"
EndProject
Project("{9A19103F-16F7-4668-BE54-9A1E7A4F7556}") = "Hummingbird.Extersions.Cache", "Hummingbird.Extersions.Cache\Hummingbird.Extersions.Cache.csproj", "{DA121499-5DD1-4E2B-9592-554C0B2B4651}"
EndProject
Project("{9A19103F-16F7-4668-BE54-9A1E7A4F7556}") = "Hummingbird.Extersions.EventBus.SqlServerLogging", "Hummingbird.Extersions.EventBus.SqlServerLogging\Hummingbird.Extersions.EventBus.SqlServerLogging.csproj", "{911FF03D-9AB3-479F-9744-48F1AC20C28F}"
EndProject
Project("{9A19103F-16F7-4668-BE54-9A1E7A4F7556}") = "Hummingbird.Extersions.DistributedLock", "Hummingbird.Extersions.DistributedLock\Hummingbird.Extersions.DistributedLock.csproj", "{7F45F220-2CD5-44A2-B0F8-7C54E23C3E5B}"
EndProject
Project("{9A19103F-16F7-4668-BE54-9A1E7A4F7556}") = "Hummingbird.Extensions.HealthChecks.Redis", "Hummingbird.Extensions.HealthChecks.Redis\Hummingbird.Extensions.HealthChecks.Redis.csproj", "{3FB5D998-9922-45C8-9AB7-312F49E558D3}"
EndProject
Project("{9A19103F-16F7-4668-BE54-9A1E7A4F7556}") = "Hummingbird.Extensions.HealthChecks.MongoDb", "Hummingbird.Extensions.HealthChecks.MongoDb\Hummingbird.Extensions.HealthChecks.MongoDb.csproj", "{16BA71CA-4284-456B-8861-A98BFA2E2A23}"
EndProject
Project("{9A19103F-16F7-4668-BE54-9A1E7A4F7556}") = "Hummingbird.Extensions.HealthChecks.MongoDbUnitTest", "Test\Hummingbird.Extensions.HealthChecks.MongoDbUnitTest\Hummingbird.Extensions.HealthChecks.MongoDbUnitTest.csproj", "{984D456B-3759-47C8-BF1B-06959E2A145D}"
EndProject
Project("{9A19103F-16F7-4668-BE54-9A1E7A4F7556}") = "Hummingbird.BanchmarkTest", "Test\Hummingbird.BanchmarkTest\Hummingbird.BanchmarkTest.csproj", "{19CC2370-18F8-4E03-9205-F20A9A63534E}"
EndProject
Project("{9A19103F-16F7-4668-BE54-9A1E7A4F7556}") = "Hummingbird.UnitTest", "Test\Hummingbird.UnitTest\Hummingbird.UnitTest.csproj", "{3A78A74D-E19B-4B4F-B768-B6C7A4F5955C}"
EndProject
Project("{2150E333-8FDC-42A3-9474-1A3956D46DE8}") = "Sample", "Sample", "{DE0F9CBC-8B94-4D7D-805F-FE652AC26BFD}"
EndProject
Project("{FAE04EC0-301F-11D3-BF4B-00C04F79EFBC}") = "Hummingbird.NET40", "Sample\Hummingbird.NET40\Hummingbird.NET40.csproj", "{CDAFBEAC-2AF9-43AA-95F6-DE93A2E47544}"
EndProject
Project("{FAE04EC0-301F-11D3-BF4B-00C04F79EFBC}") = "Hummingbird.NET46", "Sample\Hummingbird.NFX46\Hummingbird.NET46.csproj", "{CDF3BE6D-0CFF-40D8-81EE-FA86D530CA28}"
EndProject
Project("{9A19103F-16F7-4668-BE54-9A1E7A4F7556}") = "Hummingbird.NetCoreWebApi", "Sample\Hummingbird.WebApi\Hummingbird.NetCoreWebApi.csproj", "{1198645A-8D8D-4B9D-AC17-5376BB7952A5}"
EndProject
Global
	GlobalSection(SolutionConfigurationPlatforms) = preSolution
		Debug|Any CPU = Debug|Any CPU
		Release|Any CPU = Release|Any CPU
	EndGlobalSection
	GlobalSection(ProjectConfigurationPlatforms) = postSolution
		{27915655-9459-4FC4-A6F5-E59EF7574162}.Debug|Any CPU.ActiveCfg = Debug|Any CPU
		{27915655-9459-4FC4-A6F5-E59EF7574162}.Debug|Any CPU.Build.0 = Debug|Any CPU
		{27915655-9459-4FC4-A6F5-E59EF7574162}.Release|Any CPU.ActiveCfg = Release|Any CPU
		{27915655-9459-4FC4-A6F5-E59EF7574162}.Release|Any CPU.Build.0 = Release|Any CPU
		{C9862F54-4EC1-4D69-9775-A3DFB61862A9}.Debug|Any CPU.ActiveCfg = Debug|Any CPU
		{C9862F54-4EC1-4D69-9775-A3DFB61862A9}.Debug|Any CPU.Build.0 = Debug|Any CPU
		{C9862F54-4EC1-4D69-9775-A3DFB61862A9}.Release|Any CPU.ActiveCfg = Release|Any CPU
		{C9862F54-4EC1-4D69-9775-A3DFB61862A9}.Release|Any CPU.Build.0 = Release|Any CPU
		{3C256830-F006-4C0C-B995-34CBA19A0154}.Debug|Any CPU.ActiveCfg = Debug|Any CPU
		{3C256830-F006-4C0C-B995-34CBA19A0154}.Debug|Any CPU.Build.0 = Debug|Any CPU
		{3C256830-F006-4C0C-B995-34CBA19A0154}.Release|Any CPU.ActiveCfg = Release|Any CPU
		{3C256830-F006-4C0C-B995-34CBA19A0154}.Release|Any CPU.Build.0 = Release|Any CPU
		{9F35185B-02E5-4720-9406-E2BD007DCCF7}.Debug|Any CPU.ActiveCfg = Debug|Any CPU
		{9F35185B-02E5-4720-9406-E2BD007DCCF7}.Debug|Any CPU.Build.0 = Debug|Any CPU
		{9F35185B-02E5-4720-9406-E2BD007DCCF7}.Release|Any CPU.ActiveCfg = Release|Any CPU
		{9F35185B-02E5-4720-9406-E2BD007DCCF7}.Release|Any CPU.Build.0 = Release|Any CPU
		{5921999C-C4A9-4AFE-8B88-62043E3B28E0}.Debug|Any CPU.ActiveCfg = Debug|Any CPU
		{5921999C-C4A9-4AFE-8B88-62043E3B28E0}.Debug|Any CPU.Build.0 = Debug|Any CPU
		{5921999C-C4A9-4AFE-8B88-62043E3B28E0}.Release|Any CPU.ActiveCfg = Release|Any CPU
		{5921999C-C4A9-4AFE-8B88-62043E3B28E0}.Release|Any CPU.Build.0 = Release|Any CPU
		{1B3F54F6-1395-4BE3-A92F-F811E1EC3FEB}.Debug|Any CPU.ActiveCfg = Debug|Any CPU
		{1B3F54F6-1395-4BE3-A92F-F811E1EC3FEB}.Debug|Any CPU.Build.0 = Debug|Any CPU
		{1B3F54F6-1395-4BE3-A92F-F811E1EC3FEB}.Release|Any CPU.ActiveCfg = Release|Any CPU
		{1B3F54F6-1395-4BE3-A92F-F811E1EC3FEB}.Release|Any CPU.Build.0 = Release|Any CPU
		{18279837-CB5C-4F54-9680-5652AE61274D}.Debug|Any CPU.ActiveCfg = Debug|Any CPU
		{18279837-CB5C-4F54-9680-5652AE61274D}.Debug|Any CPU.Build.0 = Debug|Any CPU
		{18279837-CB5C-4F54-9680-5652AE61274D}.Release|Any CPU.ActiveCfg = Release|Any CPU
		{18279837-CB5C-4F54-9680-5652AE61274D}.Release|Any CPU.Build.0 = Release|Any CPU
		{DA121499-5DD1-4E2B-9592-554C0B2B4651}.Debug|Any CPU.ActiveCfg = Debug|Any CPU
		{DA121499-5DD1-4E2B-9592-554C0B2B4651}.Debug|Any CPU.Build.0 = Debug|Any CPU
		{DA121499-5DD1-4E2B-9592-554C0B2B4651}.Release|Any CPU.ActiveCfg = Release|Any CPU
		{DA121499-5DD1-4E2B-9592-554C0B2B4651}.Release|Any CPU.Build.0 = Release|Any CPU
		{911FF03D-9AB3-479F-9744-48F1AC20C28F}.Debug|Any CPU.ActiveCfg = Debug|Any CPU
		{911FF03D-9AB3-479F-9744-48F1AC20C28F}.Debug|Any CPU.Build.0 = Debug|Any CPU
		{911FF03D-9AB3-479F-9744-48F1AC20C28F}.Release|Any CPU.ActiveCfg = Release|Any CPU
		{911FF03D-9AB3-479F-9744-48F1AC20C28F}.Release|Any CPU.Build.0 = Release|Any CPU
		{7F45F220-2CD5-44A2-B0F8-7C54E23C3E5B}.Debug|Any CPU.ActiveCfg = Debug|Any CPU
		{7F45F220-2CD5-44A2-B0F8-7C54E23C3E5B}.Debug|Any CPU.Build.0 = Debug|Any CPU
		{7F45F220-2CD5-44A2-B0F8-7C54E23C3E5B}.Release|Any CPU.ActiveCfg = Release|Any CPU
		{7F45F220-2CD5-44A2-B0F8-7C54E23C3E5B}.Release|Any CPU.Build.0 = Release|Any CPU
		{3FB5D998-9922-45C8-9AB7-312F49E558D3}.Debug|Any CPU.ActiveCfg = Debug|Any CPU
		{3FB5D998-9922-45C8-9AB7-312F49E558D3}.Debug|Any CPU.Build.0 = Debug|Any CPU
		{3FB5D998-9922-45C8-9AB7-312F49E558D3}.Release|Any CPU.ActiveCfg = Release|Any CPU
		{3FB5D998-9922-45C8-9AB7-312F49E558D3}.Release|Any CPU.Build.0 = Release|Any CPU
		{16BA71CA-4284-456B-8861-A98BFA2E2A23}.Debug|Any CPU.ActiveCfg = Debug|Any CPU
		{16BA71CA-4284-456B-8861-A98BFA2E2A23}.Debug|Any CPU.Build.0 = Debug|Any CPU
		{16BA71CA-4284-456B-8861-A98BFA2E2A23}.Release|Any CPU.ActiveCfg = Release|Any CPU
		{16BA71CA-4284-456B-8861-A98BFA2E2A23}.Release|Any CPU.Build.0 = Release|Any CPU
		{984D456B-3759-47C8-BF1B-06959E2A145D}.Debug|Any CPU.ActiveCfg = Debug|Any CPU
		{984D456B-3759-47C8-BF1B-06959E2A145D}.Debug|Any CPU.Build.0 = Debug|Any CPU
		{984D456B-3759-47C8-BF1B-06959E2A145D}.Release|Any CPU.ActiveCfg = Release|Any CPU
		{984D456B-3759-47C8-BF1B-06959E2A145D}.Release|Any CPU.Build.0 = Release|Any CPU
		{19CC2370-18F8-4E03-9205-F20A9A63534E}.Debug|Any CPU.ActiveCfg = Debug|Any CPU
		{19CC2370-18F8-4E03-9205-F20A9A63534E}.Debug|Any CPU.Build.0 = Debug|Any CPU
		{19CC2370-18F8-4E03-9205-F20A9A63534E}.Release|Any CPU.ActiveCfg = Release|Any CPU
		{19CC2370-18F8-4E03-9205-F20A9A63534E}.Release|Any CPU.Build.0 = Release|Any CPU
		{3A78A74D-E19B-4B4F-B768-B6C7A4F5955C}.Debug|Any CPU.ActiveCfg = Debug|Any CPU
		{3A78A74D-E19B-4B4F-B768-B6C7A4F5955C}.Debug|Any CPU.Build.0 = Debug|Any CPU
		{3A78A74D-E19B-4B4F-B768-B6C7A4F5955C}.Release|Any CPU.ActiveCfg = Release|Any CPU
		{3A78A74D-E19B-4B4F-B768-B6C7A4F5955C}.Release|Any CPU.Build.0 = Release|Any CPU
		{CDAFBEAC-2AF9-43AA-95F6-DE93A2E47544}.Debug|Any CPU.ActiveCfg = Debug|Any CPU
		{CDAFBEAC-2AF9-43AA-95F6-DE93A2E47544}.Debug|Any CPU.Build.0 = Debug|Any CPU
		{CDAFBEAC-2AF9-43AA-95F6-DE93A2E47544}.Release|Any CPU.ActiveCfg = Release|Any CPU
		{CDAFBEAC-2AF9-43AA-95F6-DE93A2E47544}.Release|Any CPU.Build.0 = Release|Any CPU
		{CDF3BE6D-0CFF-40D8-81EE-FA86D530CA28}.Debug|Any CPU.ActiveCfg = Debug|Any CPU
		{CDF3BE6D-0CFF-40D8-81EE-FA86D530CA28}.Debug|Any CPU.Build.0 = Debug|Any CPU
		{CDF3BE6D-0CFF-40D8-81EE-FA86D530CA28}.Release|Any CPU.ActiveCfg = Release|Any CPU
		{CDF3BE6D-0CFF-40D8-81EE-FA86D530CA28}.Release|Any CPU.Build.0 = Release|Any CPU
		{1198645A-8D8D-4B9D-AC17-5376BB7952A5}.Debug|Any CPU.ActiveCfg = Debug|Any CPU
		{1198645A-8D8D-4B9D-AC17-5376BB7952A5}.Debug|Any CPU.Build.0 = Debug|Any CPU
		{1198645A-8D8D-4B9D-AC17-5376BB7952A5}.Release|Any CPU.ActiveCfg = Release|Any CPU
		{1198645A-8D8D-4B9D-AC17-5376BB7952A5}.Release|Any CPU.Build.0 = Release|Any CPU
	EndGlobalSection
	GlobalSection(SolutionProperties) = preSolution
		HideSolutionNode = FALSE
	EndGlobalSection
	GlobalSection(NestedProjects) = preSolution
		{27915655-9459-4FC4-A6F5-E59EF7574162} = {54CC6103-E558-4122-9147-B73F2265997E}
		{DD64E829-CFBE-4FD8-8521-8BB2ADC886CC} = {54CC6103-E558-4122-9147-B73F2265997E}
		{C9862F54-4EC1-4D69-9775-A3DFB61862A9} = {DD64E829-CFBE-4FD8-8521-8BB2ADC886CC}
		{3C256830-F006-4C0C-B995-34CBA19A0154} = {DD64E829-CFBE-4FD8-8521-8BB2ADC886CC}
		{9F35185B-02E5-4720-9406-E2BD007DCCF7} = {DD64E829-CFBE-4FD8-8521-8BB2ADC886CC}
		{5921999C-C4A9-4AFE-8B88-62043E3B28E0} = {DD64E829-CFBE-4FD8-8521-8BB2ADC886CC}
		{1B3F54F6-1395-4BE3-A92F-F811E1EC3FEB} = {DD64E829-CFBE-4FD8-8521-8BB2ADC886CC}
		{18279837-CB5C-4F54-9680-5652AE61274D} = {DD64E829-CFBE-4FD8-8521-8BB2ADC886CC}
		{DA121499-5DD1-4E2B-9592-554C0B2B4651} = {DD64E829-CFBE-4FD8-8521-8BB2ADC886CC}
		{911FF03D-9AB3-479F-9744-48F1AC20C28F} = {DD64E829-CFBE-4FD8-8521-8BB2ADC886CC}
		{7F45F220-2CD5-44A2-B0F8-7C54E23C3E5B} = {DD64E829-CFBE-4FD8-8521-8BB2ADC886CC}
		{3FB5D998-9922-45C8-9AB7-312F49E558D3} = {DD64E829-CFBE-4FD8-8521-8BB2ADC886CC}
		{16BA71CA-4284-456B-8861-A98BFA2E2A23} = {DD64E829-CFBE-4FD8-8521-8BB2ADC886CC}
		{984D456B-3759-47C8-BF1B-06959E2A145D} = {28015912-782A-4B96-9F86-D54081CD7A97}
		{19CC2370-18F8-4E03-9205-F20A9A63534E} = {28015912-782A-4B96-9F86-D54081CD7A97}
		{3A78A74D-E19B-4B4F-B768-B6C7A4F5955C} = {28015912-782A-4B96-9F86-D54081CD7A97}
		{CDAFBEAC-2AF9-43AA-95F6-DE93A2E47544} = {DE0F9CBC-8B94-4D7D-805F-FE652AC26BFD}
		{CDF3BE6D-0CFF-40D8-81EE-FA86D530CA28} = {DE0F9CBC-8B94-4D7D-805F-FE652AC26BFD}
		{1198645A-8D8D-4B9D-AC17-5376BB7952A5} = {DE0F9CBC-8B94-4D7D-805F-FE652AC26BFD}
	EndGlobalSection
	GlobalSection(ExtensibilityGlobals) = postSolution
		SolutionGuid = {0205F412-9847-429E-BA6C-6DCF25E525DF}
	EndGlobalSection
EndGlobal
